
Microsoft Visual Studio Solution File, Format Version 12.00
# Visual Studio Version 17
VisualStudioVersion = 17.14.36414.22 d17.14
MinimumVisualStudioVersion = 10.0.40219.1
Project("{FAE04EC0-301F-11D3-BF4B-00C04F79EFBC}") = "DigitalHeroes", "DigitalHeroes\DigitalHeroes.csproj", "{0FE408A1-8E77-4815-A3F4-BF0B0E3560EE}"
EndProject
Project("{FAE04EC0-301F-11D3-BF4B-00C04F79EFBC}") = "DigitalHeroes.DAL", "DigitalHeroes.DAL\DigitalHeroes.DAL.csproj", "{157FF176-63F5-466D-857A-46FA028494F4}"
EndProject
Project("{FAE04EC0-301F-11D3-BF4B-00C04F79EFBC}") = "DigitalHeroes.Models", "DigitalHeroes.Models\DigitalHeroes.Models.csproj", "{FD265DF5-FA60-4F0D-B7B2-BB76BB04A573}"
EndProject
Global
	GlobalSection(SolutionConfigurationPlatforms) = preSolution
		Debug|Any CPU = Debug|Any CPU
		Release|Any CPU = Release|Any CPU
	EndGlobalSection
	GlobalSection(ProjectConfigurationPlatforms) = postSolution
		{0FE408A1-8E77-4815-A3F4-BF0B0E3560EE}.Debug|Any CPU.ActiveCfg = Debug|Any CPU
		{0FE408A1-8E77-4815-A3F4-BF0B0E3560EE}.Debug|Any CPU.Build.0 = Debug|Any CPU
		{0FE408A1-8E77-4815-A3F4-BF0B0E3560EE}.Release|Any CPU.ActiveCfg = Release|Any CPU
		{0FE408A1-8E77-4815-A3F4-BF0B0E3560EE}.Release|Any CPU.Build.0 = Release|Any CPU
		{157FF176-63F5-466D-857A-46FA028494F4}.Debug|Any CPU.ActiveCfg = Debug|Any CPU
		{157FF176-63F5-466D-857A-46FA028494F4}.Debug|Any CPU.Build.0 = Debug|Any CPU
		{157FF176-63F5-466D-857A-46FA028494F4}.Release|Any CPU.ActiveCfg = Release|Any CPU
		{157FF176-63F5-466D-857A-46FA028494F4}.Release|Any CPU.Build.0 = Release|Any CPU
		{FD265DF5-FA60-4F0D-B7B2-BB76BB04A573}.Debug|Any CPU.ActiveCfg = Debug|Any CPU
		{FD265DF5-FA60-4F0D-B7B2-BB76BB04A573}.Debug|Any CPU.Build.0 = Debug|Any CPU
		{FD265DF5-FA60-4F0D-B7B2-BB76BB04A573}.Release|Any CPU.ActiveCfg = Release|Any CPU
		{FD265DF5-FA60-4F0D-B7B2-BB76BB04A573}.Release|Any CPU.Build.0 = Release|Any CPU
	EndGlobalSection
	GlobalSection(SolutionProperties) = preSolution
		HideSolutionNode = FALSE
	EndGlobalSection
	GlobalSection(ExtensibilityGlobals) = postSolution
		SolutionGuid = {122A6EC5-0043-49AF-B3D3-3A85ABC64675}
	EndGlobalSection
EndGlobal
